
Microsoft Visual Studio Solution File, Format Version 12.00
# Visual Studio Version 16
VisualStudioVersion = 16.0.31515.178
MinimumVisualStudioVersion = 10.0.40219.1
Project("{FAE04EC0-301F-11D3-BF4B-00C04F79EFBC}") = "Kursach2", "Kursach2\Kursach2.csproj", "{16C47D1B-E25A-4C77-A2B9-98E56319D9B8}"
EndProject
Project("{FAE04EC0-301F-11D3-BF4B-00C04F79EFBC}") = "BLL", "BLL\BLL.csproj", "{8048782A-9307-4EDE-A767-8B2CCB6A7228}"
EndProject
Project("{FAE04EC0-301F-11D3-BF4B-00C04F79EFBC}") = "Domain", "Domain\Domain.csproj", "{49576388-3E8A-4CC6-B61D-0827678342E5}"
EndProject
Project("{FAE04EC0-301F-11D3-BF4B-00C04F79EFBC}") = "Core", "Core\Core.csproj", "{11A2FC57-FCCC-4A14-8AE3-C07AE877724C}"
EndProject
Global
	GlobalSection(SolutionConfigurationPlatforms) = preSolution
		Debug|Any CPU = Debug|Any CPU
		Release|Any CPU = Release|Any CPU
	EndGlobalSection
	GlobalSection(ProjectConfigurationPlatforms) = postSolution
		{16C47D1B-E25A-4C77-A2B9-98E56319D9B8}.Debug|Any CPU.ActiveCfg = Debug|Any CPU
		{16C47D1B-E25A-4C77-A2B9-98E56319D9B8}.Debug|Any CPU.Build.0 = Debug|Any CPU
		{16C47D1B-E25A-4C77-A2B9-98E56319D9B8}.Release|Any CPU.ActiveCfg = Release|Any CPU
		{16C47D1B-E25A-4C77-A2B9-98E56319D9B8}.Release|Any CPU.Build.0 = Release|Any CPU
		{8048782A-9307-4EDE-A767-8B2CCB6A7228}.Debug|Any CPU.ActiveCfg = Debug|Any CPU
		{8048782A-9307-4EDE-A767-8B2CCB6A7228}.Debug|Any CPU.Build.0 = Debug|Any CPU
		{8048782A-9307-4EDE-A767-8B2CCB6A7228}.Release|Any CPU.ActiveCfg = Release|Any CPU
		{8048782A-9307-4EDE-A767-8B2CCB6A7228}.Release|Any CPU.Build.0 = Release|Any CPU
		{49576388-3E8A-4CC6-B61D-0827678342E5}.Debug|Any CPU.ActiveCfg = Debug|Any CPU
		{49576388-3E8A-4CC6-B61D-0827678342E5}.Debug|Any CPU.Build.0 = Debug|Any CPU
		{49576388-3E8A-4CC6-B61D-0827678342E5}.Release|Any CPU.ActiveCfg = Release|Any CPU
		{49576388-3E8A-4CC6-B61D-0827678342E5}.Release|Any CPU.Build.0 = Release|Any CPU
		{11A2FC57-FCCC-4A14-8AE3-C07AE877724C}.Debug|Any CPU.ActiveCfg = Debug|Any CPU
		{11A2FC57-FCCC-4A14-8AE3-C07AE877724C}.Debug|Any CPU.Build.0 = Debug|Any CPU
		{11A2FC57-FCCC-4A14-8AE3-C07AE877724C}.Release|Any CPU.ActiveCfg = Release|Any CPU
		{11A2FC57-FCCC-4A14-8AE3-C07AE877724C}.Release|Any CPU.Build.0 = Release|Any CPU
	EndGlobalSection
	GlobalSection(SolutionProperties) = preSolution
		HideSolutionNode = FALSE
	EndGlobalSection
	GlobalSection(ExtensibilityGlobals) = postSolution
		SolutionGuid = {063E21C3-48F6-495A-B40E-7363890C344A}
	EndGlobalSection
EndGlobal
